
Microsoft Visual Studio Solution File, Format Version 12.00
# Visual Studio 15
VisualStudioVersion = 15.0.28010.2019
MinimumVisualStudioVersion = 10.0.40219.1
Project("{FAE04EC0-301F-11D3-BF4B-00C04F79EFBC}") = "Guide", "Guide\Guide.csproj", "{8ADE0575-72E9-4A30-8671-AB372DB10AB6}"
EndProject
Global
	GlobalSection(SolutionConfigurationPlatforms) = preSolution
		Debug|Any CPU = Debug|Any CPU
		Release|Any CPU = Release|Any CPU
	EndGlobalSection
	GlobalSection(ProjectConfigurationPlatforms) = postSolution
		{8ADE0575-72E9-4A30-8671-AB372DB10AB6}.Debug|Any CPU.ActiveCfg = Debug|Any CPU
		{8ADE0575-72E9-4A30-8671-AB372DB10AB6}.Debug|Any CPU.Build.0 = Debug|Any CPU
		{8ADE0575-72E9-4A30-8671-AB372DB10AB6}.Release|Any CPU.ActiveCfg = Release|Any CPU
		{8ADE0575-72E9-4A30-8671-AB372DB10AB6}.Release|Any CPU.Build.0 = Release|Any CPU
	EndGlobalSection
	GlobalSection(SolutionProperties) = preSolution
		HideSolutionNode = FALSE
	EndGlobalSection
	GlobalSection(ExtensibilityGlobals) = postSolution
		SolutionGuid = {B9D3A9EE-2D39-4BED-B763-00E0D7DDD6AF}
	EndGlobalSection
EndGlobal
